# THIS IS AN AUTOGENERATED FILE. DO NOT EDIT THIS FILE DIRECTLY.
# yarn lockfile v1


"@rails/actiontext@6.1.7-6":
  version "6.1.7-6"
  resolved "https://registry.yarnpkg.com/@rails/actiontext/-/actiontext-6.1.7-6.tgz#020da209039b7f06bc634438ed8afff6c21f726b"
  integrity sha512-PtI6ras9MkSh+zvoLW+A9l/SuJExHJ5Gap3O0dxbtnepUzDv9ozqXDsso4WDC289jyYMF7l8PFPUe32tz8z4sA==
  dependencies:
    "@rails/activestorage" "^6.0.0"

"@rails/activestorage@^6.0.0":
  version "6.1.7"
  resolved "https://registry.yarnpkg.com/@rails/activestorage/-/activestorage-6.1.7.tgz#5aaae9f4d10800fdb4fd6fe26fd8b4218579c6e3"
  integrity sha512-h++k8LBLns4O8AqzdaFp1TsCLP9VSc2hgWI37bjzJ+4D995X7Rd8kdkRmXRaNAUlHDJgy6RpnbhBJ5oiIgWTDw==
  dependencies:
    spark-md5 "^3.0.0"

spark-md5@^3.0.0:
  version "3.0.2"
  resolved "https://registry.yarnpkg.com/spark-md5/-/spark-md5-3.0.2.tgz#7952c4a30784347abcee73268e473b9c0167e3fc"
  integrity sha512-wcFzz9cDfbuqe0FZzfi2or1sgyIrsDwmPwfZC4hiNidPdPINjeUwNfv5kldczoEAcjl9Y1L3SM7Uz2PUEQzxQw==

trix@1.2.0:
  version "1.2.0"
  resolved "https://registry.yarnpkg.com/trix/-/trix-1.2.0.tgz#b314101abd1d8d3d5da22ae5b866a719a73a6e21"
  integrity sha512-gJ7edoWzcnc9DBjsgeGkmotVpyVhFQTlSOmUYjwFn71NlGixAhNgsu8pVIq/jkIkbk6om0PSetc9cRJm+qU3+A==
